{
  "version": 4,
  "terraform_version": "0.12.8",
  "serial": 1,
  "lineage": "0e459e5e-e3be-38f5-a616-a9cd52ad3090",
  "outputs": {},
  "resources": [
    {
      "module": "module.example",
      "mode": "managed",
      "type": "google_container_cluster",
      "name": "primary",
      "provider": "provider.google",
      "instances": [
        {
          "schema_version": 1,
          "attributes": {
            "additional_zones": [],
            "addons_config": [
              {
                "horizontal_pod_autoscaling": [],
                "http_load_balancing": [],
                "kubernetes_dashboard": [
                  {
                    "disabled": true
                  }
                ],
                "network_policy_config": [
                  {
                    "disabled": true
                  }
                ]
              }
            ],
            "cluster_autoscaling": [],
            "cluster_ipv4_cidr": "10.56.0.0/14",
            "description": "",
            "enable_binary_authorization": null,
            "enable_intranode_visibility": null,
            "enable_kubernetes_alpha": false,
            "enable_legacy_abac": false,
            "enable_tpu": null,
            "endpoint": "35.192.57.77",
            "id": "simple-zonal-cluster",
            "initial_node_count": 3,
            "instance_group_urls": [
              "https://www.googleapis.com/compute/v1/projects/tfmenard-test-project/zones/us-central1-a/instanceGroups/gke-simple-zonal-cluster-default-pool-a6ca3adb-grp"
            ],
            "ip_allocation_policy": [],
            "location": "us-central1-a",
            "logging_service": "logging.googleapis.com",
            "maintenance_policy": [],
            "master_auth": [
              {
                "client_certificate": "",
                "client_certificate_config": [
                  {
                    "issue_client_certificate": false
                  }
                ],
                "client_key": "",
                "cluster_ca_certificate": "LS0tLS1CRUdJTiBDRVJUSUZJQ0FURS0tLS0tCk1JSURDekNDQWZPZ0F3SUJBZ0lRT1NNWkZwNy9FdVN1a01GOHNxMTRBREFOQmdrcWhraUc5dzBCQVFzRkFEQXYKTVMwd0t3WURWUVFERXlSa05EQTBPVEpsWmkwMU16VTJMVFJtTXprdE9XWTRZUzA1T1RFellUTmlNakV4TVdNdwpIaGNOTVRrd09URTNNVFl4TURRMFdoY05NalF3T1RFMU1UY3hNRFEwV2pBdk1TMHdLd1lEVlFRREV5UmtOREEwCk9USmxaaTAxTXpVMkxUUm1Nemt0T1dZNFlTMDVPVEV6WVROaU1qRXhNV013Z2dFaU1BMEdDU3FHU0liM0RRRUIKQVFVQUE0SUJEd0F3Z2dFS0FvSUJBUUNkcis2Ynp4WmVBczBkL29IODJWVlp6MVJYMEl6MUdNeS9DVmVLUjZ6bQpIZmttR0dabzhCdGlQOHFJcDFNSENRaXp0MW9MTHkyWnBzRHA1c0FFbnVJd1ZKRTFLd3ZJeTJtYjJNb3JucVBuCkxWVEszNHZ0TE91OFY0UjM3dmIvd2d6NnJPZGlWMElYZEdlaWFERXY4SGpOQTRzUndWOEF6SmJpdXZOT01BNU4KaDJEdUx6WHFKTmRkTWQyTVJLdFh1YWFVMFFKbE5uZ1dPSGk5WHArOURLeCs2N2dhRjJkMkoxSW9LOFdDTVZhOQpZallWNzJ3MGI5ZGZQdTBKeldRZ3BaM3BGRXpWenp4R09zK0MrTmo2eWN3V0puc2xtUDZ5R0hObDIzQVFtWStjCmxTUmpBQ04yYzM5Umx1VUlVQ0JqNFUveHJucjl1cnpWV3NEYTdSWm5mS2I3QWdNQkFBR2pJekFoTUE0R0ExVWQKRHdFQi93UUVBd0lDQkRBUEJnTlZIUk1CQWY4RUJUQURBUUgvTUEwR0NTcUdTSWIzRFFFQkN3VUFBNElCQVFBMgp5L1RKN2JJQjZaTkxWblNlM0FhM2pKUDMrU2pwNERYR2VlbEhWOXgwTWxIMnZxVE00eFNoSWdaUXlEK1BhejRICmZlalh2dlM0bVlUc2htTlkyWVZSSkFHUHFBeERWYk1WaDVuSWJud1NPcnpDZjdocUxNRkpiS0szUzlocWpOTjYKVGRkTTNpdks0ckx6YjlFNjF0TVlOdjVhQjdTMlh4MjRUZisrcW13c0c0NjVoaTRKaSs4MFBMVU95cHBONm5HZQp3SHI5dGQ1RTRPWlFNeEdkL1MzSEZKTTlOM1FWdXVtcDdaMEovSjZ6bmRrZ0VtUVZORmVDUkVaN1JYRXZRd1lqCitsQ2ZjSnJCZUw4Z0dYclU2N0M5dFgrYjZwWk1nSjY5Z25NbksvUmZWenNHS2pQZVhiR3pCa3pyYWttazJMcW8KWmdUSXZJaWxXMklkODVBL0p1RUMKLS0tLS1FTkQgQ0VSVElGSUNBVEUtLS0tLQo=",
                "password": "",
                "username": ""
              }
            ],
            "master_authorized_networks_config": [],
            "master_version": "1.13.7-gke.8",
            "min_master_version": null,
            "monitoring_service": "monitoring.googleapis.com",
            "name": "simple-zonal-cluster",
            "network": "projects/tfmenard-test-project/global/networks/default",
            "network_policy": [
              {
                "enabled": false,
                "provider": "PROVIDER_UNSPECIFIED"
              }
            ],
            "node_config": [
              {
                "disk_size_gb": 100,
                "disk_type": "pd-standard",
                "guest_accelerator": [],
                "image_type": "COS",
                "labels": {
                  "foo": "bar"
                },
                "local_ssd_count": 0,
                "machine_type": "n1-standard-1",
                "metadata": {
                  "disable-legacy-endpoints": "true"
                },
                "min_cpu_platform": "",
                "oauth_scopes": [
                  "https://www.googleapis.com/auth/logging.write",
                  "https://www.googleapis.com/auth/monitoring"
                ],
                "preemptible": false,
                "sandbox_config": [],
                "service_account": "default",
                "tags": [
                  "foo",
                  "bar"
                ],
                "taint": [],
                "workload_metadata_config": []
              }
            ],
            "node_locations": [],
            "node_pool": [
              {
                "autoscaling": [],
                "initial_node_count": 3,
                "instance_group_urls": [
                  "https://www.googleapis.com/compute/v1/projects/tfmenard-test-project/zones/us-central1-a/instanceGroupManagers/gke-simple-zonal-cluster-default-pool-a6ca3adb-grp"
                ],
                "management": [
                  {
                    "auto_repair": false,
                    "auto_upgrade": false
                  }
                ],
                "max_pods_per_node": 0,
                "name": "default-pool",
                "name_prefix": "",
                "node_config": [
                  {
                    "disk_size_gb": 100,
                    "disk_type": "pd-standard",
                    "guest_accelerator": [],
                    "image_type": "COS",
                    "labels": {
                      "foo": "bar"
                    },
                    "local_ssd_count": 0,
                    "machine_type": "n1-standard-1",
                    "metadata": {
                      "disable-legacy-endpoints": "true"
                    },
                    "min_cpu_platform": "",
                    "oauth_scopes": [
                      "https://www.googleapis.com/auth/logging.write",
                      "https://www.googleapis.com/auth/monitoring"
                    ],
                    "preemptible": false,
                    "sandbox_config": [],
                    "service_account": "default",
                    "tags": [
                      "foo",
                      "bar"
                    ],
                    "taint": [],
                    "workload_metadata_config": []
                  }
                ],
                "node_count": 3,
                "version": "1.13.7-gke.8"
              }
            ],
            "node_version": "1.13.7-gke.8",
            "pod_security_policy_config": [],
            "private_cluster_config": [],
            "project": "tfmenard-test-project",
            "region": null,
            "remove_default_node_pool": null,
            "resource_labels": null,
            "services_ipv4_cidr": "10.59.240.0/20",
            "subnetwork": "projects/tfmenard-test-project/regions/us-central1/subnetworks/default",
            "timeouts": {
              "create": "30m",
              "delete": null,
              "update": "40m"
            },
            "zone": "us-central1-a"
          },
          "private": "eyJlMmJmYjczMC1lY2FhLTExZTYtOGY4OC0zNDM2M2JjN2M0YzAiOnsiY3JlYXRlIjoxODAwMDAwMDAwMDAwLCJkZWxldGUiOjE4MDAwMDAwMDAwMDAsInVwZGF0ZSI6MjQwMDAwMDAwMDAwMH0sInNjaGVtYV92ZXJzaW9uIjoiMSJ9"
        }
      ]
    }
  ]
}
